
Microsoft Visual Studio Solution File, Format Version 12.00
# Visual Studio 2012
Project("{FAE04EC0-301F-11D3-BF4B-00C04F79EFBC}") = "Haruair.Command", "src\Haruair.Command\Haruair.Command.csproj", "{3A714274-1A55-49A4-B57D-07FB3C2D9929}"
EndProject
Project("{FAE04EC0-301F-11D3-BF4B-00C04F79EFBC}") = "Haruair.Command.Tests", "test\Haruair.Command.Tests\Haruair.Command.Tests.csproj", "{DA3AF3E4-7DA1-489E-B116-95652C3C22B5}"
EndProject
Global
	GlobalSection(SolutionConfigurationPlatforms) = preSolution
		Debug|Any CPU = Debug|Any CPU
		Release|Any CPU = Release|Any CPU
	EndGlobalSection
	GlobalSection(ProjectConfigurationPlatforms) = postSolution
		{3A714274-1A55-49A4-B57D-07FB3C2D9929}.Debug|Any CPU.ActiveCfg = Debug|Any CPU
		{3A714274-1A55-49A4-B57D-07FB3C2D9929}.Debug|Any CPU.Build.0 = Debug|Any CPU
		{3A714274-1A55-49A4-B57D-07FB3C2D9929}.Release|Any CPU.ActiveCfg = Release|Any CPU
		{3A714274-1A55-49A4-B57D-07FB3C2D9929}.Release|Any CPU.Build.0 = Release|Any CPU
		{DA3AF3E4-7DA1-489E-B116-95652C3C22B5}.Debug|Any CPU.ActiveCfg = Debug|Any CPU
		{DA3AF3E4-7DA1-489E-B116-95652C3C22B5}.Debug|Any CPU.Build.0 = Debug|Any CPU
		{DA3AF3E4-7DA1-489E-B116-95652C3C22B5}.Release|Any CPU.ActiveCfg = Release|Any CPU
		{DA3AF3E4-7DA1-489E-B116-95652C3C22B5}.Release|Any CPU.Build.0 = Release|Any CPU
	EndGlobalSection
	GlobalSection(MonoDevelopProperties) = preSolution
		StartupItem = src\Haruair.Command\Haruair.Command.csproj
	EndGlobalSection
EndGlobal
